// !$*UTF8*$!
{
	archiveVersion = 1;
	classes = {
	};
	objectVersion = 55;
	objects = {

/* Begin PBXBuildFile section */
		E581B1CCFC20BE2FDC2B9129 /* Pods_SomeJson.framework in Frameworks */ = {isa = PBXBuildFile; fileRef = A3FD1714CAC585BC92AF025F /* Pods_SomeJson.framework */; };
		F31BA85B2794A88200D2F4E0 /* AppDelegate.swift in Sources */ = {isa = PBXBuildFile; fileRef = F31BA85A2794A88200D2F4E0 /* AppDelegate.swift */; };
		F31BA85D2794A88200D2F4E0 /* SceneDelegate.swift in Sources */ = {isa = PBXBuildFile; fileRef = F31BA85C2794A88200D2F4E0 /* SceneDelegate.swift */; };
		F31BA85F2794A88200D2F4E0 /* MainViewController.swift in Sources */ = {isa = PBXBuildFile; fileRef = F31BA85E2794A88200D2F4E0 /* MainViewController.swift */; };
		F31BA8622794A88200D2F4E0 /* Main.storyboard in Resources */ = {isa = PBXBuildFile; fileRef = F31BA8602794A88200D2F4E0 /* Main.storyboard */; };
		F31BA8642794A88300D2F4E0 /* Assets.xcassets in Resources */ = {isa = PBXBuildFile; fileRef = F31BA8632794A88300D2F4E0 /* Assets.xcassets */; };
		F31BA8672794A88300D2F4E0 /* LaunchScreen.storyboard in Resources */ = {isa = PBXBuildFile; fileRef = F31BA8652794A88300D2F4E0 /* LaunchScreen.storyboard */; };
		F31BA86F2794ABD600D2F4E0 /* ImageViewController.swift in Sources */ = {isa = PBXBuildFile; fileRef = F31BA86E2794ABD600D2F4E0 /* ImageViewController.swift */; };
		F31BA8712794AD0E00D2F4E0 /* NetworkManager.swift in Sources */ = {isa = PBXBuildFile; fileRef = F31BA8702794AD0E00D2F4E0 /* NetworkManager.swift */; };
		F31BA8752794B7AA00D2F4E0 /* InfoModel.swift in Sources */ = {isa = PBXBuildFile; fileRef = F31BA8742794B7AA00D2F4E0 /* InfoModel.swift */; };
		F31BA8772794D37100D2F4E0 /* TextBlockViewController.swift in Sources */ = {isa = PBXBuildFile; fileRef = F31BA8762794D37100D2F4E0 /* TextBlockViewController.swift */; };
		F31BA882279A2C5600D2F4E0 /* ThirdViewController.swift in Sources */ = {isa = PBXBuildFile; fileRef = F31BA881279A2C5600D2F4E0 /* ThirdViewController.swift */; };
/* End PBXBuildFile section */

/* Begin PBXFileReference section */
		9B3B7A33CEB1C197868EC8A4 /* Pods-SomeJson.debug.xcconfig */ = {isa = PBXFileReference; includeInIndex = 1; lastKnownFileType = text.xcconfig; name = "Pods-SomeJson.debug.xcconfig"; path = "Target Support Files/Pods-SomeJson/Pods-SomeJson.debug.xcconfig"; sourceTree = "<group>"; };
		A3FD1714CAC585BC92AF025F /* Pods_SomeJson.framework */ = {isa = PBXFileReference; explicitFileType = wrapper.framework; includeInIndex = 0; path = Pods_SomeJson.framework; sourceTree = BUILT_PRODUCTS_DIR; };
		F0A613E9A94310FD40396BC0 /* Pods-SomeJson.release.xcconfig */ = {isa = PBXFileReference; includeInIndex = 1; lastKnownFileType = text.xcconfig; name = "Pods-SomeJson.release.xcconfig"; path = "Target Support Files/Pods-SomeJson/Pods-SomeJson.release.xcconfig"; sourceTree = "<group>"; };
		F31BA8572794A88200D2F4E0 /* SomeJson.app */ = {isa = PBXFileReference; explicitFileType = wrapper.application; includeInIndex = 0; path = SomeJson.app; sourceTree = BUILT_PRODUCTS_DIR; };
		F31BA85A2794A88200D2F4E0 /* AppDelegate.swift */ = {isa = PBXFileReference; lastKnownFileType = sourcecode.swift; path = AppDelegate.swift; sourceTree = "<group>"; };
		F31BA85C2794A88200D2F4E0 /* SceneDelegate.swift */ = {isa = PBXFileReference; lastKnownFileType = sourcecode.swift; path = SceneDelegate.swift; sourceTree = "<group>"; };
		F31BA85E2794A88200D2F4E0 /* MainViewController.swift */ = {isa = PBXFileReference; lastKnownFileType = sourcecode.swift; path = MainViewController.swift; sourceTree = "<group>"; };
		F31BA8612794A88200D2F4E0 /* Base */ = {isa = PBXFileReference; lastKnownFileType = file.storyboard; name = Base; path = Base.lproj/Main.storyboard; sourceTree = "<group>"; };
		F31BA8632794A88300D2F4E0 /* Assets.xcassets */ = {isa = PBXFileReference; lastKnownFileType = folder.assetcatalog; path = Assets.xcassets; sourceTree = "<group>"; };
		F31BA8662794A88300D2F4E0 /* Base */ = {isa = PBXFileReference; lastKnownFileType = file.storyboard; name = Base; path = Base.lproj/LaunchScreen.storyboard; sourceTree = "<group>"; };
		F31BA8682794A88300D2F4E0 /* Info.plist */ = {isa = PBXFileReference; lastKnownFileType = text.plist.xml; path = Info.plist; sourceTree = "<group>"; };
		F31BA86E2794ABD600D2F4E0 /* ImageViewController.swift */ = {isa = PBXFileReference; lastKnownFileType = sourcecode.swift; path = ImageViewController.swift; sourceTree = "<group>"; };
		F31BA8702794AD0E00D2F4E0 /* NetworkManager.swift */ = {isa = PBXFileReference; lastKnownFileType = sourcecode.swift; path = NetworkManager.swift; sourceTree = "<group>"; };
		F31BA8742794B7AA00D2F4E0 /* InfoModel.swift */ = {isa = PBXFileReference; lastKnownFileType = sourcecode.swift; path = InfoModel.swift; sourceTree = "<group>"; };
		F31BA8762794D37100D2F4E0 /* TextBlockViewController.swift */ = {isa = PBXFileReference; lastKnownFileType = sourcecode.swift; path = TextBlockViewController.swift; sourceTree = "<group>"; };
		F31BA881279A2C5600D2F4E0 /* ThirdViewController.swift */ = {isa = PBXFileReference; lastKnownFileType = sourcecode.swift; path = ThirdViewController.swift; sourceTree = "<group>"; };
/* End PBXFileReference section */

/* Begin PBXFrameworksBuildPhase section */
		F31BA8542794A88200D2F4E0 /* Frameworks */ = {
			isa = PBXFrameworksBuildPhase;
			buildActionMask = 2147483647;
			files = (
				E581B1CCFC20BE2FDC2B9129 /* Pods_SomeJson.framework in Frameworks */,
			);
			runOnlyForDeploymentPostprocessing = 0;
		};
/* End PBXFrameworksBuildPhase section */

/* Begin PBXGroup section */
		41B4F6E266F3913BCCD93AC9 /* Frameworks */ = {
			isa = PBXGroup;
			children = (
				A3FD1714CAC585BC92AF025F /* Pods_SomeJson.framework */,
			);
			name = Frameworks;
			sourceTree = "<group>";
		};
		5014DE5ECD9D4E0B8A7AA718 /* Pods */ = {
			isa = PBXGroup;
			children = (
				9B3B7A33CEB1C197868EC8A4 /* Pods-SomeJson.debug.xcconfig */,
				F0A613E9A94310FD40396BC0 /* Pods-SomeJson.release.xcconfig */,
			);
			path = Pods;
			sourceTree = "<group>";
		};
		F31BA84E2794A88200D2F4E0 = {
			isa = PBXGroup;
			children = (
				F31BA8592794A88200D2F4E0 /* SomeJson */,
				F31BA8582794A88200D2F4E0 /* Products */,
				5014DE5ECD9D4E0B8A7AA718 /* Pods */,
				41B4F6E266F3913BCCD93AC9 /* Frameworks */,
			);
			sourceTree = "<group>";
		};
		F31BA8582794A88200D2F4E0 /* Products */ = {
			isa = PBXGroup;
			children = (
				F31BA8572794A88200D2F4E0 /* SomeJson.app */,
			);
			name = Products;
			sourceTree = "<group>";
		};
		F31BA8592794A88200D2F4E0 /* SomeJson */ = {
			isa = PBXGroup;
			children = (
				F31BA85A2794A88200D2F4E0 /* AppDelegate.swift */,
				F31BA85C2794A88200D2F4E0 /* SceneDelegate.swift */,
				F31BA87D279A13A100D2F4E0 /* ViewControllers */,
				F31BA87C279A139000D2F4E0 /* Models */,
				F31BA87E279A13C300D2F4E0 /* Service */,
				F31BA8602794A88200D2F4E0 /* Main.storyboard */,
				F31BA8632794A88300D2F4E0 /* Assets.xcassets */,
				F31BA8652794A88300D2F4E0 /* LaunchScreen.storyboard */,
				F31BA8682794A88300D2F4E0 /* Info.plist */,
			);
			path = SomeJson;
			sourceTree = "<group>";
		};
		F31BA87C279A139000D2F4E0 /* Models */ = {
			isa = PBXGroup;
			children = (
				F31BA8742794B7AA00D2F4E0 /* InfoModel.swift */,
			);
			path = Models;
			sourceTree = "<group>";
		};
		F31BA87D279A13A100D2F4E0 /* ViewControllers */ = {
			isa = PBXGroup;
			children = (
				F31BA85E2794A88200D2F4E0 /* MainViewController.swift */,
				F31BA8762794D37100D2F4E0 /* TextBlockViewController.swift */,
				F31BA86E2794ABD600D2F4E0 /* ImageViewController.swift */,
				F31BA881279A2C5600D2F4E0 /* ThirdViewController.swift */,
			);
			path = ViewControllers;
			sourceTree = "<group>";
		};
		F31BA87E279A13C300D2F4E0 /* Service */ = {
			isa = PBXGroup;
			children = (
				F31BA8702794AD0E00D2F4E0 /* NetworkManager.swift */,
			);
			path = Service;
			sourceTree = "<group>";
		};
/* End PBXGroup section */

/* Begin PBXNativeTarget section */
		F31BA8562794A88200D2F4E0 /* SomeJson */ = {
			isa = PBXNativeTarget;
			buildConfigurationList = F31BA86B2794A88300D2F4E0 /* Build configuration list for PBXNativeTarget "SomeJson" */;
			buildPhases = (
				23F1F752DA0CF16250E25D2F /* [CP] Check Pods Manifest.lock */,
				F31BA8532794A88200D2F4E0 /* Sources */,
				F31BA8542794A88200D2F4E0 /* Frameworks */,
				F31BA8552794A88200D2F4E0 /* Resources */,
				76C74E41CFB0A05EA570168D /* [CP] Embed Pods Frameworks */,
			);
			buildRules = (
			);
			dependencies = (
			);
			name = SomeJson;
			productName = SomeJson;
			productReference = F31BA8572794A88200D2F4E0 /* SomeJson.app */;
			productType = "com.apple.product-type.application";
		};
/* End PBXNativeTarget section */

/* Begin PBXProject section */
		F31BA84F2794A88200D2F4E0 /* Project object */ = {
			isa = PBXProject;
			attributes = {
				BuildIndependentTargetsInParallel = 1;
				LastSwiftUpdateCheck = 1320;
				LastUpgradeCheck = 1320;
				TargetAttributes = {
					F31BA8562794A88200D2F4E0 = {
						CreatedOnToolsVersion = 13.2.1;
					};
				};
			};
			buildConfigurationList = F31BA8522794A88200D2F4E0 /* Build configuration list for PBXProject "SomeJson" */;
			compatibilityVersion = "Xcode 13.0";
			developmentRegion = en;
			hasScannedForEncodings = 0;
			knownRegions = (
				en,
				Base,
			);
			mainGroup = F31BA84E2794A88200D2F4E0;
			productRefGroup = F31BA8582794A88200D2F4E0 /* Products */;
			projectDirPath = "";
			projectRoot = "";
			targets = (
				F31BA8562794A88200D2F4E0 /* SomeJson */,
			);
		};
/* End PBXProject section */

/* Begin PBXResourcesBuildPhase section */
		F31BA8552794A88200D2F4E0 /* Resources */ = {
			isa = PBXResourcesBuildPhase;
			buildActionMask = 2147483647;
			files = (
				F31BA8672794A88300D2F4E0 /* LaunchScreen.storyboard in Resources */,
				F31BA8642794A88300D2F4E0 /* Assets.xcassets in Resources */,
				F31BA8622794A88200D2F4E0 /* Main.storyboard in Resources */,
			);
			runOnlyForDeploymentPostprocessing = 0;
		};
/* End PBXResourcesBuildPhase section */

/* Begin PBXShellScriptBuildPhase section */
		23F1F752DA0CF16250E25D2F /* [CP] Check Pods Manifest.lock */ = {
			isa = PBXShellScriptBuildPhase;
			buildActionMask = 2147483647;
			files = (
			);
			inputFileListPaths = (
			);
			inputPaths = (
				"${PODS_PODFILE_DIR_PATH}/Podfile.lock",
				"${PODS_ROOT}/Manifest.lock",
			);
			name = "[CP] Check Pods Manifest.lock";
			outputFileListPaths = (
			);
			outputPaths = (
				"$(DERIVED_FILE_DIR)/Pods-SomeJson-checkManifestLockResult.txt",
			);
			runOnlyForDeploymentPostprocessing = 0;
			shellPath = /bin/sh;
			shellScript = "diff \"${PODS_PODFILE_DIR_PATH}/Podfile.lock\" \"${PODS_ROOT}/Manifest.lock\" > /dev/null\nif [ $? != 0 ] ; then\n    # print error to STDERR\n    echo \"error: The sandbox is not in sync with the Podfile.lock. Run 'pod install' or update your CocoaPods installation.\" >&2\n    exit 1\nfi\n# This output is used by Xcode 'outputs' to avoid re-running this script phase.\necho \"SUCCESS\" > \"${SCRIPT_OUTPUT_FILE_0}\"\n";
			showEnvVarsInLog = 0;
		};
		76C74E41CFB0A05EA570168D /* [CP] Embed Pods Frameworks */ = {
			isa = PBXShellScriptBuildPhase;
			buildActionMask = 2147483647;
			files = (
			);
			inputFileListPaths = (
				"${PODS_ROOT}/Target Support Files/Pods-SomeJson/Pods-SomeJson-frameworks-${CONFIGURATION}-input-files.xcfilelist",
			);
			name = "[CP] Embed Pods Frameworks";
			outputFileListPaths = (
				"${PODS_ROOT}/Target Support Files/Pods-SomeJson/Pods-SomeJson-frameworks-${CONFIGURATION}-output-files.xcfilelist",
			);
			runOnlyForDeploymentPostprocessing = 0;
			shellPath = /bin/sh;
			shellScript = "\"${PODS_ROOT}/Target Support Files/Pods-SomeJson/Pods-SomeJson-frameworks.sh\"\n";
			showEnvVarsInLog = 0;
		};
/* End PBXShellScriptBuildPhase section */

/* Begin PBXSourcesBuildPhase section */
		F31BA8532794A88200D2F4E0 /* Sources */ = {
			isa = PBXSourcesBuildPhase;
			buildActionMask = 2147483647;
			files = (
				F31BA8772794D37100D2F4E0 /* TextBlockViewController.swift in Sources */,
				F31BA85F2794A88200D2F4E0 /* MainViewController.swift in Sources */,
				F31BA8712794AD0E00D2F4E0 /* NetworkManager.swift in Sources */,
				F31BA85B2794A88200D2F4E0 /* AppDelegate.swift in Sources */,
				F31BA86F2794ABD600D2F4E0 /* ImageViewController.swift in Sources */,
				F31BA85D2794A88200D2F4E0 /* SceneDelegate.swift in Sources */,
				F31BA882279A2C5600D2F4E0 /* ThirdViewController.swift in Sources */,
				F31BA8752794B7AA00D2F4E0 /* InfoModel.swift in Sources */,
			);
			runOnlyForDeploymentPostprocessing = 0;
		};
/* End PBXSourcesBuildPhase section */

/* Begin PBXVariantGroup section */
		F31BA8602794A88200D2F4E0 /* Main.storyboard */ = {
			isa = PBXVariantGroup;
			children = (
				F31BA8612794A88200D2F4E0 /* Base */,
			);
			name = Main.storyboard;
			sourceTree = "<group>";
		};
		F31BA8652794A88300D2F4E0 /* LaunchScreen.storyboard */ = {
			isa = PBXVariantGroup;
			children = (
				F31BA8662794A88300D2F4E0 /* Base */,
			);
			name = LaunchScreen.storyboard;
			sourceTree = "<group>";
		};
/* End PBXVariantGroup section */

/* Begin XCBuildConfiguration section */
		F31BA8692794A88300D2F4E0 /* Debug */ = {
			isa = XCBuildConfiguration;
			buildSettings = {
				ALWAYS_SEARCH_USER_PATHS = NO;
				CLANG_ANALYZER_NONNULL = YES;
				CLANG_ANALYZER_NUMBER_OBJECT_CONVERSION = YES_AGGRESSIVE;
				CLANG_CXX_LANGUAGE_STANDARD = "gnu++17";
				CLANG_CXX_LIBRARY = "libc++";
				CLANG_ENABLE_MODULES = YES;
				CLANG_ENABLE_OBJC_ARC = YES;
				CLANG_ENABLE_OBJC_WEAK = YES;
				CLANG_WARN_BLOCK_CAPTURE_AUTORELEASING = YES;
				CLANG_WARN_BOOL_CONVERSION = YES;
				CLANG_WARN_COMMA = YES;
				CLANG_WARN_CONSTANT_CONVERSION = YES;
				CLANG_WARN_DEPRECATED_OBJC_IMPLEMENTATIONS = YES;
				CLANG_WARN_DIRECT_OBJC_ISA_USAGE = YES_ERROR;
				CLANG_WARN_DOCUMENTATION_COMMENTS = YES;
				CLANG_WARN_EMPTY_BODY = YES;
				CLANG_WARN_ENUM_CONVERSION = YES;
				CLANG_WARN_INFINITE_RECURSION = YES;
				CLANG_WARN_INT_CONVERSION = YES;
				CLANG_WARN_NON_LITERAL_NULL_CONVERSION = YES;
				CLANG_WARN_OBJC_IMPLICIT_RETAIN_SELF = YES;
				CLANG_WARN_OBJC_LITERAL_CONVERSION = YES;
				CLANG_WARN_OBJC_ROOT_CLASS = YES_ERROR;
				CLANG_WARN_QUOTED_INCLUDE_IN_FRAMEWORK_HEADER = YES;
				CLANG_WARN_RANGE_LOOP_ANALYSIS = YES;
				CLANG_WARN_STRICT_PROTOTYPES = YES;
				CLANG_WARN_SUSPICIOUS_MOVE = YES;
				CLANG_WARN_UNGUARDED_AVAILABILITY = YES_AGGRESSIVE;
				CLANG_WARN_UNREACHABLE_CODE = YES;
				CLANG_WARN__DUPLICATE_METHOD_MATCH = YES;
				COPY_PHASE_STRIP = NO;
				DEBUG_INFORMATION_FORMAT = dwarf;
				ENABLE_STRICT_OBJC_MSGSEND = YES;
				ENABLE_TESTABILITY = YES;
				GCC_C_LANGUAGE_STANDARD = gnu11;
				GCC_DYNAMIC_NO_PIC = NO;
				GCC_NO_COMMON_BLOCKS = YES;
				GCC_OPTIMIZATION_LEVEL = 0;
				GCC_PREPROCESSOR_DEFINITIONS = (
					"DEBUG=1",
					"$(inherited)",
				);
				GCC_WARN_64_TO_32_BIT_CONVERSION = YES;
				GCC_WARN_ABOUT_RETURN_TYPE = YES_ERROR;
				GCC_WARN_UNDECLARED_SELECTOR = YES;
				GCC_WARN_UNINITIALIZED_AUTOS = YES_AGGRESSIVE;
				GCC_WARN_UNUSED_FUNCTION = YES;
				GCC_WARN_UNUSED_VARIABLE = YES;
				IPHONEOS_DEPLOYMENT_TARGET = 15.2;
				MTL_ENABLE_DEBUG_INFO = INCLUDE_SOURCE;
				MTL_FAST_MATH = YES;
				ONLY_ACTIVE_ARCH = YES;
				SDKROOT = iphoneos;
				SWIFT_ACTIVE_COMPILATION_CONDITIONS = DEBUG;
				SWIFT_OPTIMIZATION_LEVEL = "-Onone";
			};
			name = Debug;
		};
		F31BA86A2794A88300D2F4E0 /* Release */ = {
			isa = XCBuildConfiguration;
			buildSettings = {
				ALWAYS_SEARCH_USER_PATHS = NO;
				CLANG_ANALYZER_NONNULL = YES;
				CLANG_ANALYZER_NUMBER_OBJECT_CONVERSION = YES_AGGRESSIVE;
				CLANG_CXX_LANGUAGE_STANDARD = "gnu++17";
				CLANG_CXX_LIBRARY = "libc++";
				CLANG_ENABLE_MODULES = YES;
				CLANG_ENABLE_OBJC_ARC = YES;
				CLANG_ENABLE_OBJC_WEAK = YES;
				CLANG_WARN_BLOCK_CAPTURE_AUTORELEASING = YES;
				CLANG_WARN_BOOL_CONVERSION = YES;
				CLANG_WARN_COMMA = YES;
				CLANG_WARN_CONSTANT_CONVERSION = YES;
				CLANG_WARN_DEPRECATED_OBJC_IMPLEMENTATIONS = YES;
				CLANG_WARN_DIRECT_OBJC_ISA_USAGE = YES_ERROR;
				CLANG_WARN_DOCUMENTATION_COMMENTS = YES;
				CLANG_WARN_EMPTY_BODY = YES;
				CLANG_WARN_ENUM_CONVERSION = YES;
				CLANG_WARN_INFINITE_RECURSION = YES;
				CLANG_WARN_INT_CONVERSION = YES;
				CLANG_WARN_NON_LITERAL_NULL_CONVERSION = YES;
				CLANG_WARN_OBJC_IMPLICIT_RETAIN_SELF = YES;
				CLANG_WARN_OBJC_LITERAL_CONVERSION = YES;
				CLANG_WARN_OBJC_ROOT_CLASS = YES_ERROR;
				CLANG_WARN_QUOTED_INCLUDE_IN_FRAMEWORK_HEADER = YES;
				CLANG_WARN_RANGE_LOOP_ANALYSIS = YES;
				CLANG_WARN_STRICT_PROTOTYPES = YES;
				CLANG_WARN_SUSPICIOUS_MOVE = YES;
				CLANG_WARN_UNGUARDED_AVAILABILITY = YES_AGGRESSIVE;
				CLANG_WARN_UNREACHABLE_CODE = YES;
				CLANG_WARN__DUPLICATE_METHOD_MATCH = YES;
				COPY_PHASE_STRIP = NO;
				DEBUG_INFORMATION_FORMAT = "dwarf-with-dsym";
				ENABLE_NS_ASSERTIONS = NO;
				ENABLE_STRICT_OBJC_MSGSEND = YES;
				GCC_C_LANGUAGE_STANDARD = gnu11;
				GCC_NO_COMMON_BLOCKS = YES;
				GCC_WARN_64_TO_32_BIT_CONVERSION = YES;
				GCC_WARN_ABOUT_RETURN_TYPE = YES_ERROR;
				GCC_WARN_UNDECLARED_SELECTOR = YES;
				GCC_WARN_UNINITIALIZED_AUTOS = YES_AGGRESSIVE;
				GCC_WARN_UNUSED_FUNCTION = YES;
				GCC_WARN_UNUSED_VARIABLE = YES;
				IPHONEOS_DEPLOYMENT_TARGET = 15.2;
				MTL_ENABLE_DEBUG_INFO = NO;
				MTL_FAST_MATH = YES;
				SDKROOT = iphoneos;
				SWIFT_COMPILATION_MODE = wholemodule;
				SWIFT_OPTIMIZATION_LEVEL = "-O";
				VALIDATE_PRODUCT = YES;
			};
			name = Release;
		};
		F31BA86C2794A88300D2F4E0 /* Debug */ = {
			isa = XCBuildConfiguration;
			baseConfigurationReference = 9B3B7A33CEB1C197868EC8A4 /* Pods-SomeJson.debug.xcconfig */;
			buildSettings = {
				ASSETCATALOG_COMPILER_APPICON_NAME = AppIcon;
				ASSETCATALOG_COMPILER_GLOBAL_ACCENT_COLOR_NAME = AccentColor;
				CODE_SIGN_STYLE = Automatic;
				CURRENT_PROJECT_VERSION = 1;
				DEVELOPMENT_TEAM = 8HS7XS34C5;
				GENERATE_INFOPLIST_FILE = YES;
				INFOPLIST_FILE = SomeJson/Info.plist;
				INFOPLIST_KEY_UIApplicationSupportsIndirectInputEvents = YES;
				INFOPLIST_KEY_UILaunchStoryboardName = LaunchScreen;
				INFOPLIST_KEY_UIMainStoryboardFile = Main;
				INFOPLIST_KEY_UISupportedInterfaceOrientations_iPad = "UIInterfaceOrientationPortrait UIInterfaceOrientationPortraitUpsideDown UIInterfaceOrientationLandscapeLeft UIInterfaceOrientationLandscapeRight";
				INFOPLIST_KEY_UISupportedInterfaceOrientations_iPhone = "UIInterfaceOrientationPortrait UIInterfaceOrientationLandscapeLeft UIInterfaceOrientationLandscapeRight";
				LD_RUNPATH_SEARCH_PATHS = (
					"$(inherited)",
					"@executable_path/Frameworks",
				);
				MARKETING_VERSION = 1.0;
				PRODUCT_BUNDLE_IDENTIFIER = AnnaMel.SomeJson;
				PRODUCT_NAME = "$(TARGET_NAME)";
				SWIFT_EMIT_LOC_STRINGS = YES;
				SWIFT_VERSION = 5.0;
				TARGETED_DEVICE_FAMILY = 1;
			};
			name = Debug;
		};
		F31BA86D2794A88300D2F4E0 /* Release */ = {
			isa = XCBuildConfiguration;
			baseConfigurationReference = F0A613E9A94310FD40396BC0 /* Pods-SomeJson.release.xcconfig */;
			buildSettings = {
				ASSETCATALOG_COMPILER_APPICON_NAME = AppIcon;
				ASSETCATALOG_COMPILER_GLOBAL_ACCENT_COLOR_NAME = AccentColor;
				CODE_SIGN_STYLE = Automatic;
				CURRENT_PROJECT_VERSION = 1;
				DEVELOPMENT_TEAM = 8HS7XS34C5;
				GENERATE_INFOPLIST_FILE = YES;
				INFOPLIST_FILE = SomeJson/Info.plist;
				INFOPLIST_KEY_UIApplicationSupportsIndirectInputEvents = YES;
				INFOPLIST_KEY_UILaunchStoryboardName = LaunchScreen;
				INFOPLIST_KEY_UIMainStoryboardFile = Main;
				INFOPLIST_KEY_UISupportedInterfaceOrientations_iPad = "UIInterfaceOrientationPortrait UIInterfaceOrientationPortraitUpsideDown UIInterfaceOrientationLandscapeLeft UIInterfaceOrientationLandscapeRight";
				INFOPLIST_KEY_UISupportedInterfaceOrientations_iPhone = "UIInterfaceOrientationPortrait UIInterfaceOrientationLandscapeLeft UIInterfaceOrientationLandscapeRight";
				LD_RUNPATH_SEARCH_PATHS = (
					"$(inherited)",
					"@executable_path/Frameworks",
				);
				MARKETING_VERSION = 1.0;
				PRODUCT_BUNDLE_IDENTIFIER = AnnaMel.SomeJson;
				PRODUCT_NAME = "$(TARGET_NAME)";
				SWIFT_EMIT_LOC_STRINGS = YES;
				SWIFT_VERSION = 5.0;
				TARGETED_DEVICE_FAMILY = 1;
			};
			name = Release;
		};
/* End XCBuildConfiguration section */

/* Begin XCConfigurationList section */
		F31BA8522794A88200D2F4E0 /* Build configuration list for PBXProject "SomeJson" */ = {
			isa = XCConfigurationList;
			buildConfigurations = (
				F31BA8692794A88300D2F4E0 /* Debug */,
				F31BA86A2794A88300D2F4E0 /* Release */,
			);
			defaultConfigurationIsVisible = 0;
			defaultConfigurationName = Release;
		};
		F31BA86B2794A88300D2F4E0 /* Build configuration list for PBXNativeTarget "SomeJson" */ = {
			isa = XCConfigurationList;
			buildConfigurations = (
				F31BA86C2794A88300D2F4E0 /* Debug */,
				F31BA86D2794A88300D2F4E0 /* Release */,
			);
			defaultConfigurationIsVisible = 0;
			defaultConfigurationName = Release;
		};
/* End XCConfigurationList section */
	};
	rootObject = F31BA84F2794A88200D2F4E0 /* Project object */;
}
